Microsoft Visual Studio Solution File, Format Version 11.00
# Visual Studio 2008

Project("{A3AC7FC3-EFE7-DB89-5EC1-DF874D94E0CF}") = "LaparoscopySimulator", "Assembly-CSharp-firstpass-vs.csproj", "{AA97E347-F96E-36D3-9BB3-A907AC10E3AD}"
EndProject
Project("{A3AC7FC3-EFE7-DB89-5EC1-DF874D94E0CF}") = "LaparoscopySimulator", "Assembly-CSharp-vs.csproj", "{EC293C68-8D77-C61F-4DB4-A6D761D15CE5}"
EndProject
Project("{A3AC7FC3-EFE7-DB89-5EC1-DF874D94E0CF}") = "LaparoscopySimulator", "Assembly-CSharp-Editor-vs.csproj", "{96036C96-86CE-1256-A184-ED9BEBACB55C}"
EndProject
Global
	GlobalSection(SolutionConfigurationPlatforms) = preSolution
		Debug|Any CPU = Debug|Any CPU
		Release|Any CPU = Release|Any CPU
	EndGlobalSection
	GlobalSection(ProjectConfigurationPlatforms) = postSolution
		{AA97E347-F96E-36D3-9BB3-A907AC10E3AD}.Debug|Any CPU.ActiveCfg = Debug|Any CPU
		{AA97E347-F96E-36D3-9BB3-A907AC10E3AD}.Debug|Any CPU.Build.0 = Debug|Any CPU
		{AA97E347-F96E-36D3-9BB3-A907AC10E3AD}.Release|Any CPU.ActiveCfg = Release|Any CPU
		{AA97E347-F96E-36D3-9BB3-A907AC10E3AD}.Release|Any CPU.Build.0 = Release|Any CPU
		{EC293C68-8D77-C61F-4DB4-A6D761D15CE5}.Debug|Any CPU.ActiveCfg = Debug|Any CPU
		{EC293C68-8D77-C61F-4DB4-A6D761D15CE5}.Debug|Any CPU.Build.0 = Debug|Any CPU
		{EC293C68-8D77-C61F-4DB4-A6D761D15CE5}.Release|Any CPU.ActiveCfg = Release|Any CPU
		{EC293C68-8D77-C61F-4DB4-A6D761D15CE5}.Release|Any CPU.Build.0 = Release|Any CPU
		{96036C96-86CE-1256-A184-ED9BEBACB55C}.Debug|Any CPU.ActiveCfg = Debug|Any CPU
		{96036C96-86CE-1256-A184-ED9BEBACB55C}.Debug|Any CPU.Build.0 = Debug|Any CPU
		{96036C96-86CE-1256-A184-ED9BEBACB55C}.Release|Any CPU.ActiveCfg = Release|Any CPU
		{96036C96-86CE-1256-A184-ED9BEBACB55C}.Release|Any CPU.Build.0 = Release|Any CPU
	EndGlobalSection
	GlobalSection(SolutionProperties) = preSolution
		HideSolutionNode = FALSE
	EndGlobalSection
																										GlobalSection(MonoDevelopProperties) = preSolution
		StartupItem = Assembly-CSharp.csproj
		Policies = $0
		$0.TextStylePolicy = $1
		$1.inheritsSet = null
		$1.scope = text/x-csharp
		$0.CSharpFormattingPolicy = $2
		$2.inheritsSet = Mono
		$2.inheritsScope = text/x-csharp
		$2.scope = text/x-csharp
		$0.TextStylePolicy = $3
		$3.FileWidth = 120
		$3.TabWidth = 4
		$3.IndentWidth = 4
		$3.EolMarker = Unix
		$3.inheritsSet = Mono
		$3.inheritsScope = text/plain
		$3.scope = text/plain
	EndGlobalSection

EndGlobal
