Microsoft Visual Studio Solution File, Format Version 11.00
# Visual Studio 2008

Project("{F263486C-F663-91C0-DA80-026038C19A50}") = "PROEJKKT", "Assembly-CSharp-firstpass.csproj", "{1F7B5CCD-8252-6B63-AAD7-370F35AF00E2}"
EndProject
Project("{F263486C-F663-91C0-DA80-026038C19A50}") = "PROEJKKT", "Assembly-CSharp.csproj", "{6177C3DE-2145-A492-F4EB-392D7D7934F1}"
EndProject
Project("{F263486C-F663-91C0-DA80-026038C19A50}") = "PROEJKKT", "Assembly-CSharp-Editor.csproj", "{9E79CABF-FF00-E956-4E8C-1183669D4AE6}"
EndProject
Project("{F263486C-F663-91C0-DA80-026038C19A50}") = "PROEJKKT", "Assembly-UnityScript-firstpass.unityproj", "{7989B96E-53A6-B38C-E166-BFDC56BD7B6D}"
EndProject
Project("{F263486C-F663-91C0-DA80-026038C19A50}") = "PROEJKKT", "Assembly-UnityScript.unityproj", "{19470390-6CF7-717A-6836-68B24BACF696}"
EndProject
Global
	GlobalSection(SolutionConfigurationPlatforms) = preSolution
		Debug|Any CPU = Debug|Any CPU
		Release|Any CPU = Release|Any CPU
	EndGlobalSection
	GlobalSection(ProjectConfigurationPlatforms) = postSolution
		{1F7B5CCD-8252-6B63-AAD7-370F35AF00E2}.Debug|Any CPU.ActiveCfg = Debug|Any CPU
		{1F7B5CCD-8252-6B63-AAD7-370F35AF00E2}.Debug|Any CPU.Build.0 = Debug|Any CPU
		{1F7B5CCD-8252-6B63-AAD7-370F35AF00E2}.Release|Any CPU.ActiveCfg = Release|Any CPU
		{1F7B5CCD-8252-6B63-AAD7-370F35AF00E2}.Release|Any CPU.Build.0 = Release|Any CPU
		{6177C3DE-2145-A492-F4EB-392D7D7934F1}.Debug|Any CPU.ActiveCfg = Debug|Any CPU
		{6177C3DE-2145-A492-F4EB-392D7D7934F1}.Debug|Any CPU.Build.0 = Debug|Any CPU
		{6177C3DE-2145-A492-F4EB-392D7D7934F1}.Release|Any CPU.ActiveCfg = Release|Any CPU
		{6177C3DE-2145-A492-F4EB-392D7D7934F1}.Release|Any CPU.Build.0 = Release|Any CPU
		{9E79CABF-FF00-E956-4E8C-1183669D4AE6}.Debug|Any CPU.ActiveCfg = Debug|Any CPU
		{9E79CABF-FF00-E956-4E8C-1183669D4AE6}.Debug|Any CPU.Build.0 = Debug|Any CPU
		{9E79CABF-FF00-E956-4E8C-1183669D4AE6}.Release|Any CPU.ActiveCfg = Release|Any CPU
		{9E79CABF-FF00-E956-4E8C-1183669D4AE6}.Release|Any CPU.Build.0 = Release|Any CPU
		{7989B96E-53A6-B38C-E166-BFDC56BD7B6D}.Debug|Any CPU.ActiveCfg = Debug|Any CPU
		{7989B96E-53A6-B38C-E166-BFDC56BD7B6D}.Debug|Any CPU.Build.0 = Debug|Any CPU
		{7989B96E-53A6-B38C-E166-BFDC56BD7B6D}.Release|Any CPU.ActiveCfg = Release|Any CPU
		{7989B96E-53A6-B38C-E166-BFDC56BD7B6D}.Release|Any CPU.Build.0 = Release|Any CPU
		{19470390-6CF7-717A-6836-68B24BACF696}.Debug|Any CPU.ActiveCfg = Debug|Any CPU
		{19470390-6CF7-717A-6836-68B24BACF696}.Debug|Any CPU.Build.0 = Debug|Any CPU
		{19470390-6CF7-717A-6836-68B24BACF696}.Release|Any CPU.ActiveCfg = Release|Any CPU
		{19470390-6CF7-717A-6836-68B24BACF696}.Release|Any CPU.Build.0 = Release|Any CPU
	EndGlobalSection
	GlobalSection(SolutionProperties) = preSolution
		HideSolutionNode = FALSE
	EndGlobalSection
	GlobalSection(MonoDevelopProperties) = preSolution
		StartupItem = Assembly-CSharp.csproj
		Policies = $0
		$0.TextStylePolicy = $1
		$1.inheritsSet = null
		$1.scope = text/x-csharp
		$0.CSharpFormattingPolicy = $2
		$2.inheritsSet = Mono
		$2.inheritsScope = text/x-csharp
		$2.scope = text/x-csharp
		$0.TextStylePolicy = $3
		$3.FileWidth = 120
		$3.TabWidth = 4
		$3.IndentWidth = 4
		$3.EolMarker = Unix
		$3.inheritsSet = Mono
		$3.inheritsScope = text/plain
		$3.scope = text/plain
	EndGlobalSection
EndGlobal
